// !$*UTF8*$!
{
	archiveVersion = 1;
	classes = {
	};
	objectVersion = 50;
	objects = {

/* Begin PBXBuildFile section */
		183C9508215DD0EA0087E449 /* DDNetWorking.h in Headers */ = {isa = PBXBuildFile; fileRef = 183C9506215DD0EA0087E449 /* DDNetWorking.h */; settings = {ATTRIBUTES = (Public, ); }; };
		183C9511215DDB0C0087E449 /* DDNet.h in Headers */ = {isa = PBXBuildFile; fileRef = 183C950F215DDB0C0087E449 /* DDNet.h */; settings = {ATTRIBUTES = (Public, ); }; };
		183C9512215DDB0C0087E449 /* DDNet.m in Sources */ = {isa = PBXBuildFile; fileRef = 183C9510215DDB0C0087E449 /* DDNet.m */; };
		183C9515215DDC1A0087E449 /* NSString+WJ_md5Str.m in Sources */ = {isa = PBXBuildFile; fileRef = 183C9513215DDC1A0087E449 /* NSString+WJ_md5Str.m */; };
		183C9516215DDC1A0087E449 /* NSString+WJ_md5Str.h in Headers */ = {isa = PBXBuildFile; fileRef = 183C9514215DDC1A0087E449 /* NSString+WJ_md5Str.h */; settings = {ATTRIBUTES = (Public, ); }; };
		8DBFA76C094F3111861E7E9D /* libPods-DDNetWorking.a in Frameworks */ = {isa = PBXBuildFile; fileRef = A6251452A3A5C7D92F27B38C /* libPods-DDNetWorking.a */; };
/* End PBXBuildFile section */

/* Begin PBXFileReference section */
		183C9503215DD0EA0087E449 /* DDNetWorking.framework */ = {isa = PBXFileReference; explicitFileType = wrapper.framework; includeInIndex = 0; path = DDNetWorking.framework; sourceTree = BUILT_PRODUCTS_DIR; };
		183C9506215DD0EA0087E449 /* DDNetWorking.h */ = {isa = PBXFileReference; lastKnownFileType = sourcecode.c.h; path = DDNetWorking.h; sourceTree = "<group>"; };
		183C9507215DD0EA0087E449 /* Info.plist */ = {isa = PBXFileReference; lastKnownFileType = text.plist.xml; path = Info.plist; sourceTree = "<group>"; };
		183C950F215DDB0C0087E449 /* DDNet.h */ = {isa = PBXFileReference; lastKnownFileType = sourcecode.c.h; path = DDNet.h; sourceTree = "<group>"; };
		183C9510215DDB0C0087E449 /* DDNet.m */ = {isa = PBXFileReference; lastKnownFileType = sourcecode.c.objc; path = DDNet.m; sourceTree = "<group>"; };
		183C9513215DDC1A0087E449 /* NSString+WJ_md5Str.m */ = {isa = PBXFileReference; fileEncoding = 4; lastKnownFileType = sourcecode.c.objc; path = "NSString+WJ_md5Str.m"; sourceTree = "<group>"; };
		183C9514215DDC1A0087E449 /* NSString+WJ_md5Str.h */ = {isa = PBXFileReference; fileEncoding = 4; lastKnownFileType = sourcecode.c.h; path = "NSString+WJ_md5Str.h"; sourceTree = "<group>"; };
		2439C0D7EB73E68250D3256C /* Pods-DDNetWorking.debug.xcconfig */ = {isa = PBXFileReference; includeInIndex = 1; lastKnownFileType = text.xcconfig; name = "Pods-DDNetWorking.debug.xcconfig"; path = "Pods/Target Support Files/Pods-DDNetWorking/Pods-DDNetWorking.debug.xcconfig"; sourceTree = "<group>"; };
		87377D201DEEAEBE5FBB17A6 /* Pods-DDNetWorking.release.xcconfig */ = {isa = PBXFileReference; includeInIndex = 1; lastKnownFileType = text.xcconfig; name = "Pods-DDNetWorking.release.xcconfig"; path = "Pods/Target Support Files/Pods-DDNetWorking/Pods-DDNetWorking.release.xcconfig"; sourceTree = "<group>"; };
		A6251452A3A5C7D92F27B38C /* libPods-DDNetWorking.a */ = {isa = PBXFileReference; explicitFileType = archive.ar; includeInIndex = 0; path = "libPods-DDNetWorking.a"; sourceTree = BUILT_PRODUCTS_DIR; };
/* End PBXFileReference section */

/* Begin PBXFrameworksBuildPhase section */
		183C94FF215DD0EA0087E449 /* Frameworks */ = {
			isa = PBXFrameworksBuildPhase;
			buildActionMask = 2147483647;
			files = (
				8DBFA76C094F3111861E7E9D /* libPods-DDNetWorking.a in Frameworks */,
			);
			runOnlyForDeploymentPostprocessing = 0;
		};
/* End PBXFrameworksBuildPhase section */

/* Begin PBXGroup section */
		183C94F9215DD0EA0087E449 = {
			isa = PBXGroup;
			children = (
				183C9505215DD0EA0087E449 /* DDNetWorking */,
				183C9504215DD0EA0087E449 /* Products */,
				483D74E281F0C65D828B72C0 /* Pods */,
				C9C78737E948900412E23F55 /* Frameworks */,
			);
			sourceTree = "<group>";
		};
		183C9504215DD0EA0087E449 /* Products */ = {
			isa = PBXGroup;
			children = (
				183C9503215DD0EA0087E449 /* DDNetWorking.framework */,
			);
			name = Products;
			sourceTree = "<group>";
		};
		183C9505215DD0EA0087E449 /* DDNetWorking */ = {
			isa = PBXGroup;
			children = (
				183C950E215DDAE80087E449 /* Source */,
				183C9506215DD0EA0087E449 /* DDNetWorking.h */,
				183C9507215DD0EA0087E449 /* Info.plist */,
			);
			path = DDNetWorking;
			sourceTree = "<group>";
		};
		183C950E215DDAE80087E449 /* Source */ = {
			isa = PBXGroup;
			children = (
				183C950F215DDB0C0087E449 /* DDNet.h */,
				183C9510215DDB0C0087E449 /* DDNet.m */,
				183C9514215DDC1A0087E449 /* NSString+WJ_md5Str.h */,
				183C9513215DDC1A0087E449 /* NSString+WJ_md5Str.m */,
			);
			path = Source;
			sourceTree = "<group>";
		};
		483D74E281F0C65D828B72C0 /* Pods */ = {
			isa = PBXGroup;
			children = (
				2439C0D7EB73E68250D3256C /* Pods-DDNetWorking.debug.xcconfig */,
				87377D201DEEAEBE5FBB17A6 /* Pods-DDNetWorking.release.xcconfig */,
			);
			name = Pods;
			sourceTree = "<group>";
		};
		C9C78737E948900412E23F55 /* Frameworks */ = {
			isa = PBXGroup;
			children = (
				A6251452A3A5C7D92F27B38C /* libPods-DDNetWorking.a */,
			);
			name = Frameworks;
			sourceTree = "<group>";
		};
/* End PBXGroup section */

/* Begin PBXHeadersBuildPhase section */
		183C9500215DD0EA0087E449 /* Headers */ = {
			isa = PBXHeadersBuildPhase;
			buildActionMask = 2147483647;
			files = (
				183C9516215DDC1A0087E449 /* NSString+WJ_md5Str.h in Headers */,
				183C9511215DDB0C0087E449 /* DDNet.h in Headers */,
				183C9508215DD0EA0087E449 /* DDNetWorking.h in Headers */,
			);
			runOnlyForDeploymentPostprocessing = 0;
		};
/* End PBXHeadersBuildPhase section */

/* Begin PBXNativeTarget section */
		183C9502215DD0EA0087E449 /* DDNetWorking */ = {
			isa = PBXNativeTarget;
			buildConfigurationList = 183C950B215DD0EA0087E449 /* Build configuration list for PBXNativeTarget "DDNetWorking" */;
			buildPhases = (
				8DEDA46CA65935C2DFA545C8 /* [CP] Check Pods Manifest.lock */,
				183C94FE215DD0EA0087E449 /* Sources */,
				183C94FF215DD0EA0087E449 /* Frameworks */,
				183C9500215DD0EA0087E449 /* Headers */,
				183C9501215DD0EA0087E449 /* Resources */,
			);
			buildRules = (
			);
			dependencies = (
			);
			name = DDNetWorking;
			productName = DDNetWorking;
			productReference = 183C9503215DD0EA0087E449 /* DDNetWorking.framework */;
			productType = "com.apple.product-type.framework";
		};
/* End PBXNativeTarget section */

/* Begin PBXProject section */
		183C94FA215DD0EA0087E449 /* Project object */ = {
			isa = PBXProject;
			attributes = {
				LastUpgradeCheck = 0940;
				ORGANIZATIONNAME = wjy;
				TargetAttributes = {
					183C9502215DD0EA0087E449 = {
						CreatedOnToolsVersion = 9.4.1;
					};
				};
			};
			buildConfigurationList = 183C94FD215DD0EA0087E449 /* Build configuration list for PBXProject "DDNetWorking" */;
			compatibilityVersion = "Xcode 9.3";
			developmentRegion = en;
			hasScannedForEncodings = 0;
			knownRegions = (
				en,
			);
			mainGroup = 183C94F9215DD0EA0087E449;
			productRefGroup = 183C9504215DD0EA0087E449 /* Products */;
			projectDirPath = "";
			projectRoot = "";
			targets = (
				183C9502215DD0EA0087E449 /* DDNetWorking */,
			);
		};
/* End PBXProject section */

/* Begin PBXResourcesBuildPhase section */
		183C9501215DD0EA0087E449 /* Resources */ = {
			isa = PBXResourcesBuildPhase;
			buildActionMask = 2147483647;
			files = (
			);
			runOnlyForDeploymentPostprocessing = 0;
		};
/* End PBXResourcesBuildPhase section */

/* Begin PBXShellScriptBuildPhase section */
		8DEDA46CA65935C2DFA545C8 /* [CP] Check Pods Manifest.lock */ = {
			isa = PBXShellScriptBuildPhase;
			buildActionMask = 2147483647;
			files = (
			);
			inputPaths = (
				"${PODS_PODFILE_DIR_PATH}/Podfile.lock",
				"${PODS_ROOT}/Manifest.lock",
			);
			name = "[CP] Check Pods Manifest.lock";
			outputPaths = (
				"$(DERIVED_FILE_DIR)/Pods-DDNetWorking-checkManifestLockResult.txt",
			);
			runOnlyForDeploymentPostprocessing = 0;
			shellPath = /bin/sh;
			shellScript = "diff \"${PODS_PODFILE_DIR_PATH}/Podfile.lock\" \"${PODS_ROOT}/Manifest.lock\" > /dev/null\nif [ $? != 0 ] ; then\n    # print error to STDERR\n    echo \"error: The sandbox is not in sync with the Podfile.lock. Run 'pod install' or update your CocoaPods installation.\" >&2\n    exit 1\nfi\n# This output is used by Xcode 'outputs' to avoid re-running this script phase.\necho \"SUCCESS\" > \"${SCRIPT_OUTPUT_FILE_0}\"\n";
			showEnvVarsInLog = 0;
		};
/* End PBXShellScriptBuildPhase section */

/* Begin PBXSourcesBuildPhase section */
		183C94FE215DD0EA0087E449 /* Sources */ = {
			isa = PBXSourcesBuildPhase;
			buildActionMask = 2147483647;
			files = (
				183C9512215DDB0C0087E449 /* DDNet.m in Sources */,
				183C9515215DDC1A0087E449 /* NSString+WJ_md5Str.m in Sources */,
			);
			runOnlyForDeploymentPostprocessing = 0;
		};
/* End PBXSourcesBuildPhase section */

/* Begin XCBuildConfiguration section */
		183C9509215DD0EA0087E449 /* Debug */ = {
			isa = XCBuildConfiguration;
			buildSettings = {
				ALWAYS_SEARCH_USER_PATHS = NO;
				CLANG_ANALYZER_NONNULL = YES;
				CLANG_ANALYZER_NUMBER_OBJECT_CONVERSION = YES_AGGRESSIVE;
				CLANG_CXX_LANGUAGE_STANDARD = "gnu++14";
				CLANG_CXX_LIBRARY = "libc++";
				CLANG_ENABLE_MODULES = YES;
				CLANG_ENABLE_OBJC_ARC = YES;
				CLANG_ENABLE_OBJC_WEAK = YES;
				CLANG_WARN_BLOCK_CAPTURE_AUTORELEASING = YES;
				CLANG_WARN_BOOL_CONVERSION = YES;
				CLANG_WARN_COMMA = YES;
				CLANG_WARN_CONSTANT_CONVERSION = YES;
				CLANG_WARN_DEPRECATED_OBJC_IMPLEMENTATIONS = YES;
				CLANG_WARN_DIRECT_OBJC_ISA_USAGE = YES_ERROR;
				CLANG_WARN_DOCUMENTATION_COMMENTS = YES;
				CLANG_WARN_EMPTY_BODY = YES;
				CLANG_WARN_ENUM_CONVERSION = YES;
				CLANG_WARN_INFINITE_RECURSION = YES;
				CLANG_WARN_INT_CONVERSION = YES;
				CLANG_WARN_NON_LITERAL_NULL_CONVERSION = YES;
				CLANG_WARN_OBJC_IMPLICIT_RETAIN_SELF = YES;
				CLANG_WARN_OBJC_LITERAL_CONVERSION = YES;
				CLANG_WARN_OBJC_ROOT_CLASS = YES_ERROR;
				CLANG_WARN_RANGE_LOOP_ANALYSIS = YES;
				CLANG_WARN_STRICT_PROTOTYPES = YES;
				CLANG_WARN_SUSPICIOUS_MOVE = YES;
				CLANG_WARN_UNGUARDED_AVAILABILITY = YES_AGGRESSIVE;
				CLANG_WARN_UNREACHABLE_CODE = YES;
				CLANG_WARN__DUPLICATE_METHOD_MATCH = YES;
				CODE_SIGN_IDENTITY = "iPhone Developer";
				COPY_PHASE_STRIP = NO;
				CURRENT_PROJECT_VERSION = 1;
				DEBUG_INFORMATION_FORMAT = dwarf;
				ENABLE_STRICT_OBJC_MSGSEND = YES;
				ENABLE_TESTABILITY = YES;
				GCC_C_LANGUAGE_STANDARD = gnu11;
				GCC_DYNAMIC_NO_PIC = NO;
				GCC_NO_COMMON_BLOCKS = YES;
				GCC_OPTIMIZATION_LEVEL = 0;
				GCC_PREPROCESSOR_DEFINITIONS = (
					"DEBUG=1",
					"$(inherited)",
				);
				GCC_WARN_64_TO_32_BIT_CONVERSION = YES;
				GCC_WARN_ABOUT_RETURN_TYPE = YES_ERROR;
				GCC_WARN_UNDECLARED_SELECTOR = YES;
				GCC_WARN_UNINITIALIZED_AUTOS = YES_AGGRESSIVE;
				GCC_WARN_UNUSED_FUNCTION = YES;
				GCC_WARN_UNUSED_VARIABLE = YES;
				IPHONEOS_DEPLOYMENT_TARGET = 11.4;
				MTL_ENABLE_DEBUG_INFO = YES;
				ONLY_ACTIVE_ARCH = YES;
				SDKROOT = iphoneos;
				VERSIONING_SYSTEM = "apple-generic";
				VERSION_INFO_PREFIX = "";
			};
			name = Debug;
		};
		183C950A215DD0EA0087E449 /* Release */ = {
			isa = XCBuildConfiguration;
			buildSettings = {
				ALWAYS_SEARCH_USER_PATHS = NO;
				CLANG_ANALYZER_NONNULL = YES;
				CLANG_ANALYZER_NUMBER_OBJECT_CONVERSION = YES_AGGRESSIVE;
				CLANG_CXX_LANGUAGE_STANDARD = "gnu++14";
				CLANG_CXX_LIBRARY = "libc++";
				CLANG_ENABLE_MODULES = YES;
				CLANG_ENABLE_OBJC_ARC = YES;
				CLANG_ENABLE_OBJC_WEAK = YES;
				CLANG_WARN_BLOCK_CAPTURE_AUTORELEASING = YES;
				CLANG_WARN_BOOL_CONVERSION = YES;
				CLANG_WARN_COMMA = YES;
				CLANG_WARN_CONSTANT_CONVERSION = YES;
				CLANG_WARN_DEPRECATED_OBJC_IMPLEMENTATIONS = YES;
				CLANG_WARN_DIRECT_OBJC_ISA_USAGE = YES_ERROR;
				CLANG_WARN_DOCUMENTATION_COMMENTS = YES;
				CLANG_WARN_EMPTY_BODY = YES;
				CLANG_WARN_ENUM_CONVERSION = YES;
				CLANG_WARN_INFINITE_RECURSION = YES;
				CLANG_WARN_INT_CONVERSION = YES;
				CLANG_WARN_NON_LITERAL_NULL_CONVERSION = YES;
				CLANG_WARN_OBJC_IMPLICIT_RETAIN_SELF = YES;
				CLANG_WARN_OBJC_LITERAL_CONVERSION = YES;
				CLANG_WARN_OBJC_ROOT_CLASS = YES_ERROR;
				CLANG_WARN_RANGE_LOOP_ANALYSIS = YES;
				CLANG_WARN_STRICT_PROTOTYPES = YES;
				CLANG_WARN_SUSPICIOUS_MOVE = YES;
				CLANG_WARN_UNGUARDED_AVAILABILITY = YES_AGGRESSIVE;
				CLANG_WARN_UNREACHABLE_CODE = YES;
				CLANG_WARN__DUPLICATE_METHOD_MATCH = YES;
				CODE_SIGN_IDENTITY = "iPhone Developer";
				COPY_PHASE_STRIP = NO;
				CURRENT_PROJECT_VERSION = 1;
				DEBUG_INFORMATION_FORMAT = "dwarf-with-dsym";
				ENABLE_NS_ASSERTIONS = NO;
				ENABLE_STRICT_OBJC_MSGSEND = YES;
				GCC_C_LANGUAGE_STANDARD = gnu11;
				GCC_NO_COMMON_BLOCKS = YES;
				GCC_WARN_64_TO_32_BIT_CONVERSION = YES;
				GCC_WARN_ABOUT_RETURN_TYPE = YES_ERROR;
				GCC_WARN_UNDECLARED_SELECTOR = YES;
				GCC_WARN_UNINITIALIZED_AUTOS = YES_AGGRESSIVE;
				GCC_WARN_UNUSED_FUNCTION = YES;
				GCC_WARN_UNUSED_VARIABLE = YES;
				IPHONEOS_DEPLOYMENT_TARGET = 11.4;
				MTL_ENABLE_DEBUG_INFO = NO;
				SDKROOT = iphoneos;
				VALIDATE_PRODUCT = YES;
				VERSIONING_SYSTEM = "apple-generic";
				VERSION_INFO_PREFIX = "";
			};
			name = Release;
		};
		183C950C215DD0EA0087E449 /* Debug */ = {
			isa = XCBuildConfiguration;
			baseConfigurationReference = 2439C0D7EB73E68250D3256C /* Pods-DDNetWorking.debug.xcconfig */;
			buildSettings = {
				CODE_SIGN_IDENTITY = "";
				CODE_SIGN_STYLE = Automatic;
				DEFINES_MODULE = YES;
				DYLIB_COMPATIBILITY_VERSION = 1;
				DYLIB_CURRENT_VERSION = 1;
				DYLIB_INSTALL_NAME_BASE = "@rpath";
				INFOPLIST_FILE = DDNetWorking/Info.plist;
				INSTALL_PATH = "$(LOCAL_LIBRARY_DIR)/Frameworks";
				IPHONEOS_DEPLOYMENT_TARGET = 9.0;
				LD_RUNPATH_SEARCH_PATHS = (
					"$(inherited)",
					"@executable_path/Frameworks",
					"@loader_path/Frameworks",
				);
				PRODUCT_BUNDLE_IDENTIFIER = ddzx.DDNetWorking;
				PRODUCT_NAME = "$(TARGET_NAME:c99extidentifier)";
				SKIP_INSTALL = YES;
				TARGETED_DEVICE_FAMILY = 1;
			};
			name = Debug;
		};
		183C950D215DD0EA0087E449 /* Release */ = {
			isa = XCBuildConfiguration;
			baseConfigurationReference = 87377D201DEEAEBE5FBB17A6 /* Pods-DDNetWorking.release.xcconfig */;
			buildSettings = {
				CODE_SIGN_IDENTITY = "";
				CODE_SIGN_STYLE = Automatic;
				DEFINES_MODULE = YES;
				DYLIB_COMPATIBILITY_VERSION = 1;
				DYLIB_CURRENT_VERSION = 1;
				DYLIB_INSTALL_NAME_BASE = "@rpath";
				INFOPLIST_FILE = DDNetWorking/Info.plist;
				INSTALL_PATH = "$(LOCAL_LIBRARY_DIR)/Frameworks";
				IPHONEOS_DEPLOYMENT_TARGET = 9.0;
				LD_RUNPATH_SEARCH_PATHS = (
					"$(inherited)",
					"@executable_path/Frameworks",
					"@loader_path/Frameworks",
				);
				PRODUCT_BUNDLE_IDENTIFIER = ddzx.DDNetWorking;
				PRODUCT_NAME = "$(TARGET_NAME:c99extidentifier)";
				SKIP_INSTALL = YES;
				TARGETED_DEVICE_FAMILY = 1;
			};
			name = Release;
		};
/* End XCBuildConfiguration section */

/* Begin XCConfigurationList section */
		183C94FD215DD0EA0087E449 /* Build configuration list for PBXProject "DDNetWorking" */ = {
			isa = XCConfigurationList;
			buildConfigurations = (
				183C9509215DD0EA0087E449 /* Debug */,
				183C950A215DD0EA0087E449 /* Release */,
			);
			defaultConfigurationIsVisible = 0;
			defaultConfigurationName = Release;
		};
		183C950B215DD0EA0087E449 /* Build configuration list for PBXNativeTarget "DDNetWorking" */ = {
			isa = XCConfigurationList;
			buildConfigurations = (
				183C950C215DD0EA0087E449 /* Debug */,
				183C950D215DD0EA0087E449 /* Release */,
			);
			defaultConfigurationIsVisible = 0;
			defaultConfigurationName = Release;
		};
/* End XCConfigurationList section */
	};
	rootObject = 183C94FA215DD0EA0087E449 /* Project object */;
}
